// !$*UTF8*$!
{
	archiveVersion = 1;
	classes = {
	};
	objectVersion = 50;
	objects = {

/* Begin PBXBuildFile section */
		53C8EEBD251C060B00622F4E /* AppDelegate.swift in Sources */ = {isa = PBXBuildFile; fileRef = 53C8EEBC251C060B00622F4E /* AppDelegate.swift */; };
		53C8EEBF251C060B00622F4E /* SceneDelegate.swift in Sources */ = {isa = PBXBuildFile; fileRef = 53C8EEBE251C060B00622F4E /* SceneDelegate.swift */; };
		53C8EEC1251C060B00622F4E /* FirstVC.swift in Sources */ = {isa = PBXBuildFile; fileRef = 53C8EEC0251C060B00622F4E /* FirstVC.swift */; };
		53C8EEC4251C060B00622F4E /* Main.storyboard in Resources */ = {isa = PBXBuildFile; fileRef = 53C8EEC2251C060B00622F4E /* Main.storyboard */; };
		53C8EEC6251C060B00622F4E /* Assets.xcassets in Resources */ = {isa = PBXBuildFile; fileRef = 53C8EEC5251C060B00622F4E /* Assets.xcassets */; };
		53C8EEC9251C060B00622F4E /* LaunchScreen.storyboard in Resources */ = {isa = PBXBuildFile; fileRef = 53C8EEC7251C060B00622F4E /* LaunchScreen.storyboard */; };
		53C8EED4251C060C00622F4E /* TransicaoTelaTests.swift in Sources */ = {isa = PBXBuildFile; fileRef = 53C8EED3251C060C00622F4E /* TransicaoTelaTests.swift */; };
		53C8EEDF251C060C00622F4E /* TransicaoTelaUITests.swift in Sources */ = {isa = PBXBuildFile; fileRef = 53C8EEDE251C060C00622F4E /* TransicaoTelaUITests.swift */; };
		53C8EEF3251C12BB00622F4E /* SecondVC.swift in Sources */ = {isa = PBXBuildFile; fileRef = 53C8EEF2251C12BB00622F4E /* SecondVC.swift */; };
/* End PBXBuildFile section */

/* Begin PBXContainerItemProxy section */
		53C8EED0251C060C00622F4E /* PBXContainerItemProxy */ = {
			isa = PBXContainerItemProxy;
			containerPortal = 53C8EEB1251C060B00622F4E /* Project object */;
			proxyType = 1;
			remoteGlobalIDString = 53C8EEB8251C060B00622F4E;
			remoteInfo = TransicaoTela;
		};
		53C8EEDB251C060C00622F4E /* PBXContainerItemProxy */ = {
			isa = PBXContainerItemProxy;
			containerPortal = 53C8EEB1251C060B00622F4E /* Project object */;
			proxyType = 1;
			remoteGlobalIDString = 53C8EEB8251C060B00622F4E;
			remoteInfo = TransicaoTela;
		};
/* End PBXContainerItemProxy section */

/* Begin PBXFileReference section */
		53C8EEB9251C060B00622F4E /* TransicaoTela.app */ = {isa = PBXFileReference; explicitFileType = wrapper.application; includeInIndex = 0; path = TransicaoTela.app; sourceTree = BUILT_PRODUCTS_DIR; };
		53C8EEBC251C060B00622F4E /* AppDelegate.swift */ = {isa = PBXFileReference; lastKnownFileType = sourcecode.swift; path = AppDelegate.swift; sourceTree = "<group>"; };
		53C8EEBE251C060B00622F4E /* SceneDelegate.swift */ = {isa = PBXFileReference; lastKnownFileType = sourcecode.swift; path = SceneDelegate.swift; sourceTree = "<group>"; };
		53C8EEC0251C060B00622F4E /* FirstVC.swift */ = {isa = PBXFileReference; lastKnownFileType = sourcecode.swift; path = FirstVC.swift; sourceTree = "<group>"; };
		53C8EEC3251C060B00622F4E /* Base */ = {isa = PBXFileReference; lastKnownFileType = file.storyboard; name = Base; path = Base.lproj/Main.storyboard; sourceTree = "<group>"; };
		53C8EEC5251C060B00622F4E /* Assets.xcassets */ = {isa = PBXFileReference; lastKnownFileType = folder.assetcatalog; path = Assets.xcassets; sourceTree = "<group>"; };
		53C8EEC8251C060B00622F4E /* Base */ = {isa = PBXFileReference; lastKnownFileType = file.storyboard; name = Base; path = Base.lproj/LaunchScreen.storyboard; sourceTree = "<group>"; };
		53C8EECA251C060B00622F4E /* Info.plist */ = {isa = PBXFileReference; lastKnownFileType = text.plist.xml; path = Info.plist; sourceTree = "<group>"; };
		53C8EECF251C060C00622F4E /* TransicaoTelaTests.xctest */ = {isa = PBXFileReference; explicitFileType = wrapper.cfbundle; includeInIndex = 0; path = TransicaoTelaTests.xctest; sourceTree = BUILT_PRODUCTS_DIR; };
		53C8EED3251C060C00622F4E /* TransicaoTelaTests.swift */ = {isa = PBXFileReference; lastKnownFileType = sourcecode.swift; path = TransicaoTelaTests.swift; sourceTree = "<group>"; };
		53C8EED5251C060C00622F4E /* Info.plist */ = {isa = PBXFileReference; lastKnownFileType = text.plist.xml; path = Info.plist; sourceTree = "<group>"; };
		53C8EEDA251C060C00622F4E /* TransicaoTelaUITests.xctest */ = {isa = PBXFileReference; explicitFileType = wrapper.cfbundle; includeInIndex = 0; path = TransicaoTelaUITests.xctest; sourceTree = BUILT_PRODUCTS_DIR; };
		53C8EEDE251C060C00622F4E /* TransicaoTelaUITests.swift */ = {isa = PBXFileReference; lastKnownFileType = sourcecode.swift; path = TransicaoTelaUITests.swift; sourceTree = "<group>"; };
		53C8EEE0251C060C00622F4E /* Info.plist */ = {isa = PBXFileReference; lastKnownFileType = text.plist.xml; path = Info.plist; sourceTree = "<group>"; };
		53C8EEF2251C12BB00622F4E /* SecondVC.swift */ = {isa = PBXFileReference; lastKnownFileType = sourcecode.swift; path = SecondVC.swift; sourceTree = "<group>"; };
/* End PBXFileReference section */

/* Begin PBXFrameworksBuildPhase section */
		53C8EEB6251C060B00622F4E /* Frameworks */ = {
			isa = PBXFrameworksBuildPhase;
			buildActionMask = 2147483647;
			files = (
			);
			runOnlyForDeploymentPostprocessing = 0;
		};
		53C8EECC251C060C00622F4E /* Frameworks */ = {
			isa = PBXFrameworksBuildPhase;
			buildActionMask = 2147483647;
			files = (
			);
			runOnlyForDeploymentPostprocessing = 0;
		};
		53C8EED7251C060C00622F4E /* Frameworks */ = {
			isa = PBXFrameworksBuildPhase;
			buildActionMask = 2147483647;
			files = (
			);
			runOnlyForDeploymentPostprocessing = 0;
		};
/* End PBXFrameworksBuildPhase section */

/* Begin PBXGroup section */
		53C8EEB0251C060B00622F4E = {
			isa = PBXGroup;
			children = (
				53C8EEBB251C060B00622F4E /* TransicaoTela */,
				53C8EED2251C060C00622F4E /* TransicaoTelaTests */,
				53C8EEDD251C060C00622F4E /* TransicaoTelaUITests */,
				53C8EEBA251C060B00622F4E /* Products */,
			);
			sourceTree = "<group>";
		};
		53C8EEBA251C060B00622F4E /* Products */ = {
			isa = PBXGroup;
			children = (
				53C8EEB9251C060B00622F4E /* TransicaoTela.app */,
				53C8EECF251C060C00622F4E /* TransicaoTelaTests.xctest */,
				53C8EEDA251C060C00622F4E /* TransicaoTelaUITests.xctest */,
			);
			name = Products;
			sourceTree = "<group>";
		};
		53C8EEBB251C060B00622F4E /* TransicaoTela */ = {
			isa = PBXGroup;
			children = (
				53C8EEF7251C12C700622F4E /* Views */,
				53C8EEBC251C060B00622F4E /* AppDelegate.swift */,
				53C8EEBE251C060B00622F4E /* SceneDelegate.swift */,
				53C8EEC2251C060B00622F4E /* Main.storyboard */,
				53C8EEC5251C060B00622F4E /* Assets.xcassets */,
				53C8EEC7251C060B00622F4E /* LaunchScreen.storyboard */,
				53C8EECA251C060B00622F4E /* Info.plist */,
			);
			path = TransicaoTela;
			sourceTree = "<group>";
		};
		53C8EED2251C060C00622F4E /* TransicaoTelaTests */ = {
			isa = PBXGroup;
			children = (
				53C8EED3251C060C00622F4E /* TransicaoTelaTests.swift */,
				53C8EED5251C060C00622F4E /* Info.plist */,
			);
			path = TransicaoTelaTests;
			sourceTree = "<group>";
		};
		53C8EEDD251C060C00622F4E /* TransicaoTelaUITests */ = {
			isa = PBXGroup;
			children = (
				53C8EEDE251C060C00622F4E /* TransicaoTelaUITests.swift */,
				53C8EEE0251C060C00622F4E /* Info.plist */,
			);
			path = TransicaoTelaUITests;
			sourceTree = "<group>";
		};
		53C8EEF7251C12C700622F4E /* Views */ = {
			isa = PBXGroup;
			children = (
				53C8EEC0251C060B00622F4E /* FirstVC.swift */,
				53C8EEF2251C12BB00622F4E /* SecondVC.swift */,
			);
			path = Views;
			sourceTree = "<group>";
		};
/* End PBXGroup section */

/* Begin PBXNativeTarget section */
		53C8EEB8251C060B00622F4E /* TransicaoTela */ = {
			isa = PBXNativeTarget;
			buildConfigurationList = 53C8EEE3251C060C00622F4E /* Build configuration list for PBXNativeTarget "TransicaoTela" */;
			buildPhases = (
				53C8EEB5251C060B00622F4E /* Sources */,
				53C8EEB6251C060B00622F4E /* Frameworks */,
				53C8EEB7251C060B00622F4E /* Resources */,
			);
			buildRules = (
			);
			dependencies = (
			);
			name = TransicaoTela;
			productName = TransicaoTela;
			productReference = 53C8EEB9251C060B00622F4E /* TransicaoTela.app */;
			productType = "com.apple.product-type.application";
		};
		53C8EECE251C060C00622F4E /* TransicaoTelaTests */ = {
			isa = PBXNativeTarget;
			buildConfigurationList = 53C8EEE6251C060C00622F4E /* Build configuration list for PBXNativeTarget "TransicaoTelaTests" */;
			buildPhases = (
				53C8EECB251C060C00622F4E /* Sources */,
				53C8EECC251C060C00622F4E /* Frameworks */,
				53C8EECD251C060C00622F4E /* Resources */,
			);
			buildRules = (
			);
			dependencies = (
				53C8EED1251C060C00622F4E /* PBXTargetDependency */,
			);
			name = TransicaoTelaTests;
			productName = TransicaoTelaTests;
			productReference = 53C8EECF251C060C00622F4E /* TransicaoTelaTests.xctest */;
			productType = "com.apple.product-type.bundle.unit-test";
		};
		53C8EED9251C060C00622F4E /* TransicaoTelaUITests */ = {
			isa = PBXNativeTarget;
			buildConfigurationList = 53C8EEE9251C060C00622F4E /* Build configuration list for PBXNativeTarget "TransicaoTelaUITests" */;
			buildPhases = (
				53C8EED6251C060C00622F4E /* Sources */,
				53C8EED7251C060C00622F4E /* Frameworks */,
				53C8EED8251C060C00622F4E /* Resources */,
			);
			buildRules = (
			);
			dependencies = (
				53C8EEDC251C060C00622F4E /* PBXTargetDependency */,
			);
			name = TransicaoTelaUITests;
			productName = TransicaoTelaUITests;
			productReference = 53C8EEDA251C060C00622F4E /* TransicaoTelaUITests.xctest */;
			productType = "com.apple.product-type.bundle.ui-testing";
		};
/* End PBXNativeTarget section */

/* Begin PBXProject section */
		53C8EEB1251C060B00622F4E /* Project object */ = {
			isa = PBXProject;
			attributes = {
				LastSwiftUpdateCheck = 1200;
				LastUpgradeCheck = 1200;
				TargetAttributes = {
					53C8EEB8251C060B00622F4E = {
						CreatedOnToolsVersion = 12.0;
					};
					53C8EECE251C060C00622F4E = {
						CreatedOnToolsVersion = 12.0;
						TestTargetID = 53C8EEB8251C060B00622F4E;
					};
					53C8EED9251C060C00622F4E = {
						CreatedOnToolsVersion = 12.0;
						TestTargetID = 53C8EEB8251C060B00622F4E;
					};
				};
			};
			buildConfigurationList = 53C8EEB4251C060B00622F4E /* Build configuration list for PBXProject "TransicaoTela" */;
			compatibilityVersion = "Xcode 9.3";
			developmentRegion = en;
			hasScannedForEncodings = 0;
			knownRegions = (
				en,
				Base,
			);
			mainGroup = 53C8EEB0251C060B00622F4E;
			productRefGroup = 53C8EEBA251C060B00622F4E /* Products */;
			projectDirPath = "";
			projectRoot = "";
			targets = (
				53C8EEB8251C060B00622F4E /* TransicaoTela */,
				53C8EECE251C060C00622F4E /* TransicaoTelaTests */,
				53C8EED9251C060C00622F4E /* TransicaoTelaUITests */,
			);
		};
/* End PBXProject section */

/* Begin PBXResourcesBuildPhase section */
		53C8EEB7251C060B00622F4E /* Resources */ = {
			isa = PBXResourcesBuildPhase;
			buildActionMask = 2147483647;
			files = (
				53C8EEC9251C060B00622F4E /* LaunchScreen.storyboard in Resources */,
				53C8EEC6251C060B00622F4E /* Assets.xcassets in Resources */,
				53C8EEC4251C060B00622F4E /* Main.storyboard in Resources */,
			);
			runOnlyForDeploymentPostprocessing = 0;
		};
		53C8EECD251C060C00622F4E /* Resources */ = {
			isa = PBXResourcesBuildPhase;
			buildActionMask = 2147483647;
			files = (
			);
			runOnlyForDeploymentPostprocessing = 0;
		};
		53C8EED8251C060C00622F4E /* Resources */ = {
			isa = PBXResourcesBuildPhase;
			buildActionMask = 2147483647;
			files = (
			);
			runOnlyForDeploymentPostprocessing = 0;
		};
/* End PBXResourcesBuildPhase section */

/* Begin PBXSourcesBuildPhase section */
		53C8EEB5251C060B00622F4E /* Sources */ = {
			isa = PBXSourcesBuildPhase;
			buildActionMask = 2147483647;
			files = (
				53C8EEC1251C060B00622F4E /* FirstVC.swift in Sources */,
				53C8EEBD251C060B00622F4E /* AppDelegate.swift in Sources */,
				53C8EEF3251C12BB00622F4E /* SecondVC.swift in Sources */,
				53C8EEBF251C060B00622F4E /* SceneDelegate.swift in Sources */,
			);
			runOnlyForDeploymentPostprocessing = 0;
		};
		53C8EECB251C060C00622F4E /* Sources */ = {
			isa = PBXSourcesBuildPhase;
			buildActionMask = 2147483647;
			files = (
				53C8EED4251C060C00622F4E /* TransicaoTelaTests.swift in Sources */,
			);
			runOnlyForDeploymentPostprocessing = 0;
		};
		53C8EED6251C060C00622F4E /* Sources */ = {
			isa = PBXSourcesBuildPhase;
			buildActionMask = 2147483647;
			files = (
				53C8EEDF251C060C00622F4E /* TransicaoTelaUITests.swift in Sources */,
			);
			runOnlyForDeploymentPostprocessing = 0;
		};
/* End PBXSourcesBuildPhase section */

/* Begin PBXTargetDependency section */
		53C8EED1251C060C00622F4E /* PBXTargetDependency */ = {
			isa = PBXTargetDependency;
			target = 53C8EEB8251C060B00622F4E /* TransicaoTela */;
			targetProxy = 53C8EED0251C060C00622F4E /* PBXContainerItemProxy */;
		};
		53C8EEDC251C060C00622F4E /* PBXTargetDependency */ = {
			isa = PBXTargetDependency;
			target = 53C8EEB8251C060B00622F4E /* TransicaoTela */;
			targetProxy = 53C8EEDB251C060C00622F4E /* PBXContainerItemProxy */;
		};
/* End PBXTargetDependency section */

/* Begin PBXVariantGroup section */
		53C8EEC2251C060B00622F4E /* Main.storyboard */ = {
			isa = PBXVariantGroup;
			children = (
				53C8EEC3251C060B00622F4E /* Base */,
			);
			name = Main.storyboard;
			sourceTree = "<group>";
		};
		53C8EEC7251C060B00622F4E /* LaunchScreen.storyboard */ = {
			isa = PBXVariantGroup;
			children = (
				53C8EEC8251C060B00622F4E /* Base */,
			);
			name = LaunchScreen.storyboard;
			sourceTree = "<group>";
		};
/* End PBXVariantGroup section */

/* Begin XCBuildConfiguration section */
		53C8EEE1251C060C00622F4E /* Debug */ = {
			isa = XCBuildConfiguration;
			buildSettings = {
				ALWAYS_SEARCH_USER_PATHS = NO;
				CLANG_ANALYZER_NONNULL = YES;
				CLANG_ANALYZER_NUMBER_OBJECT_CONVERSION = YES_AGGRESSIVE;
				CLANG_CXX_LANGUAGE_STANDARD = "gnu++14";
				CLANG_CXX_LIBRARY = "libc++";
				CLANG_ENABLE_MODULES = YES;
				CLANG_ENABLE_OBJC_ARC = YES;
				CLANG_ENABLE_OBJC_WEAK = YES;
				CLANG_WARN_BLOCK_CAPTURE_AUTORELEASING = YES;
				CLANG_WARN_BOOL_CONVERSION = YES;
				CLANG_WARN_COMMA = YES;
				CLANG_WARN_CONSTANT_CONVERSION = YES;
				CLANG_WARN_DEPRECATED_OBJC_IMPLEMENTATIONS = YES;
				CLANG_WARN_DIRECT_OBJC_ISA_USAGE = YES_ERROR;
				CLANG_WARN_DOCUMENTATION_COMMENTS = YES;
				CLANG_WARN_EMPTY_BODY = YES;
				CLANG_WARN_ENUM_CONVERSION = YES;
				CLANG_WARN_INFINITE_RECURSION = YES;
				CLANG_WARN_INT_CONVERSION = YES;
				CLANG_WARN_NON_LITERAL_NULL_CONVERSION = YES;
				CLANG_WARN_OBJC_IMPLICIT_RETAIN_SELF = YES;
				CLANG_WARN_OBJC_LITERAL_CONVERSION = YES;
				CLANG_WARN_OBJC_ROOT_CLASS = YES_ERROR;
				CLANG_WARN_QUOTED_INCLUDE_IN_FRAMEWORK_HEADER = YES;
				CLANG_WARN_RANGE_LOOP_ANALYSIS = YES;
				CLANG_WARN_STRICT_PROTOTYPES = YES;
				CLANG_WARN_SUSPICIOUS_MOVE = YES;
				CLANG_WARN_UNGUARDED_AVAILABILITY = YES_AGGRESSIVE;
				CLANG_WARN_UNREACHABLE_CODE = YES;
				CLANG_WARN__DUPLICATE_METHOD_MATCH = YES;
				COPY_PHASE_STRIP = NO;
				DEBUG_INFORMATION_FORMAT = dwarf;
				ENABLE_STRICT_OBJC_MSGSEND = YES;
				ENABLE_TESTABILITY = YES;
				GCC_C_LANGUAGE_STANDARD = gnu11;
				GCC_DYNAMIC_NO_PIC = NO;
				GCC_NO_COMMON_BLOCKS = YES;
				GCC_OPTIMIZATION_LEVEL = 0;
				GCC_PREPROCESSOR_DEFINITIONS = (
					"DEBUG=1",
					"$(inherited)",
				);
				GCC_WARN_64_TO_32_BIT_CONVERSION = YES;
				GCC_WARN_ABOUT_RETURN_TYPE = YES_ERROR;
				GCC_WARN_UNDECLARED_SELECTOR = YES;
				GCC_WARN_UNINITIALIZED_AUTOS = YES_AGGRESSIVE;
				GCC_WARN_UNUSED_FUNCTION = YES;
				GCC_WARN_UNUSED_VARIABLE = YES;
				IPHONEOS_DEPLOYMENT_TARGET = 14.0;
				MTL_ENABLE_DEBUG_INFO = INCLUDE_SOURCE;
				MTL_FAST_MATH = YES;
				ONLY_ACTIVE_ARCH = YES;
				SDKROOT = iphoneos;
				SWIFT_ACTIVE_COMPILATION_CONDITIONS = DEBUG;
				SWIFT_OPTIMIZATION_LEVEL = "-Onone";
			};
			name = Debug;
		};
		53C8EEE2251C060C00622F4E /* Release */ = {
			isa = XCBuildConfiguration;
			buildSettings = {
				ALWAYS_SEARCH_USER_PATHS = NO;
				CLANG_ANALYZER_NONNULL = YES;
				CLANG_ANALYZER_NUMBER_OBJECT_CONVERSION = YES_AGGRESSIVE;
				CLANG_CXX_LANGUAGE_STANDARD = "gnu++14";
				CLANG_CXX_LIBRARY = "libc++";
				CLANG_ENABLE_MODULES = YES;
				CLANG_ENABLE_OBJC_ARC = YES;
				CLANG_ENABLE_OBJC_WEAK = YES;
				CLANG_WARN_BLOCK_CAPTURE_AUTORELEASING = YES;
				CLANG_WARN_BOOL_CONVERSION = YES;
				CLANG_WARN_COMMA = YES;
				CLANG_WARN_CONSTANT_CONVERSION = YES;
				CLANG_WARN_DEPRECATED_OBJC_IMPLEMENTATIONS = YES;
				CLANG_WARN_DIRECT_OBJC_ISA_USAGE = YES_ERROR;
				CLANG_WARN_DOCUMENTATION_COMMENTS = YES;
				CLANG_WARN_EMPTY_BODY = YES;
				CLANG_WARN_ENUM_CONVERSION = YES;
				CLANG_WARN_INFINITE_RECURSION = YES;
				CLANG_WARN_INT_CONVERSION = YES;
				CLANG_WARN_NON_LITERAL_NULL_CONVERSION = YES;
				CLANG_WARN_OBJC_IMPLICIT_RETAIN_SELF = YES;
				CLANG_WARN_OBJC_LITERAL_CONVERSION = YES;
				CLANG_WARN_OBJC_ROOT_CLASS = YES_ERROR;
				CLANG_WARN_QUOTED_INCLUDE_IN_FRAMEWORK_HEADER = YES;
				CLANG_WARN_RANGE_LOOP_ANALYSIS = YES;
				CLANG_WARN_STRICT_PROTOTYPES = YES;
				CLANG_WARN_SUSPICIOUS_MOVE = YES;
				CLANG_WARN_UNGUARDED_AVAILABILITY = YES_AGGRESSIVE;
				CLANG_WARN_UNREACHABLE_CODE = YES;
				CLANG_WARN__DUPLICATE_METHOD_MATCH = YES;
				COPY_PHASE_STRIP = NO;
				DEBUG_INFORMATION_FORMAT = "dwarf-with-dsym";
				ENABLE_NS_ASSERTIONS = NO;
				ENABLE_STRICT_OBJC_MSGSEND = YES;
				GCC_C_LANGUAGE_STANDARD = gnu11;
				GCC_NO_COMMON_BLOCKS = YES;
				GCC_WARN_64_TO_32_BIT_CONVERSION = YES;
				GCC_WARN_ABOUT_RETURN_TYPE = YES_ERROR;
				GCC_WARN_UNDECLARED_SELECTOR = YES;
				GCC_WARN_UNINITIALIZED_AUTOS = YES_AGGRESSIVE;
				GCC_WARN_UNUSED_FUNCTION = YES;
				GCC_WARN_UNUSED_VARIABLE = YES;
				IPHONEOS_DEPLOYMENT_TARGET = 14.0;
				MTL_ENABLE_DEBUG_INFO = NO;
				MTL_FAST_MATH = YES;
				SDKROOT = iphoneos;
				SWIFT_COMPILATION_MODE = wholemodule;
				SWIFT_OPTIMIZATION_LEVEL = "-O";
				VALIDATE_PRODUCT = YES;
			};
			name = Release;
		};
		53C8EEE4251C060C00622F4E /* Debug */ = {
			isa = XCBuildConfiguration;
			buildSettings = {
				ASSETCATALOG_COMPILER_APPICON_NAME = AppIcon;
				ASSETCATALOG_COMPILER_GLOBAL_ACCENT_COLOR_NAME = AccentColor;
				CODE_SIGN_STYLE = Automatic;
				INFOPLIST_FILE = TransicaoTela/Info.plist;
				LD_RUNPATH_SEARCH_PATHS = (
					"$(inherited)",
					"@executable_path/Frameworks",
				);
				PRODUCT_BUNDLE_IDENTIFIER = com.rjs.TransicaoTela;
				PRODUCT_NAME = "$(TARGET_NAME)";
				SWIFT_VERSION = 5.0;
				TARGETED_DEVICE_FAMILY = "1,2";
			};
			name = Debug;
		};
		53C8EEE5251C060C00622F4E /* Release */ = {
			isa = XCBuildConfiguration;
			buildSettings = {
				ASSETCATALOG_COMPILER_APPICON_NAME = AppIcon;
				ASSETCATALOG_COMPILER_GLOBAL_ACCENT_COLOR_NAME = AccentColor;
				CODE_SIGN_STYLE = Automatic;
				INFOPLIST_FILE = TransicaoTela/Info.plist;
				LD_RUNPATH_SEARCH_PATHS = (
					"$(inherited)",
					"@executable_path/Frameworks",
				);
				PRODUCT_BUNDLE_IDENTIFIER = com.rjs.TransicaoTela;
				PRODUCT_NAME = "$(TARGET_NAME)";
				SWIFT_VERSION = 5.0;
				TARGETED_DEVICE_FAMILY = "1,2";
			};
			name = Release;
		};
		53C8EEE7251C060C00622F4E /* Debug */ = {
			isa = XCBuildConfiguration;
			buildSettings = {
				ALWAYS_EMBED_SWIFT_STANDARD_LIBRARIES = YES;
				BUNDLE_LOADER = "$(TEST_HOST)";
				CODE_SIGN_STYLE = Automatic;
				INFOPLIST_FILE = TransicaoTelaTests/Info.plist;
				IPHONEOS_DEPLOYMENT_TARGET = 14.0;
				LD_RUNPATH_SEARCH_PATHS = (
					"$(inherited)",
					"@executable_path/Frameworks",
					"@loader_path/Frameworks",
				);
				PRODUCT_BUNDLE_IDENTIFIER = com.rjs.TransicaoTelaTests;
				PRODUCT_NAME = "$(TARGET_NAME)";
				SWIFT_VERSION = 5.0;
				TARGETED_DEVICE_FAMILY = "1,2";
				TEST_HOST = "$(BUILT_PRODUCTS_DIR)/TransicaoTela.app/TransicaoTela";
			};
			name = Debug;
		};
		53C8EEE8251C060C00622F4E /* Release */ = {
			isa = XCBuildConfiguration;
			buildSettings = {
				ALWAYS_EMBED_SWIFT_STANDARD_LIBRARIES = YES;
				BUNDLE_LOADER = "$(TEST_HOST)";
				CODE_SIGN_STYLE = Automatic;
				INFOPLIST_FILE = TransicaoTelaTests/Info.plist;
				IPHONEOS_DEPLOYMENT_TARGET = 14.0;
				LD_RUNPATH_SEARCH_PATHS = (
					"$(inherited)",
					"@executable_path/Frameworks",
					"@loader_path/Frameworks",
				);
				PRODUCT_BUNDLE_IDENTIFIER = com.rjs.TransicaoTelaTests;
				PRODUCT_NAME = "$(TARGET_NAME)";
				SWIFT_VERSION = 5.0;
				TARGETED_DEVICE_FAMILY = "1,2";
				TEST_HOST = "$(BUILT_PRODUCTS_DIR)/TransicaoTela.app/TransicaoTela";
			};
			name = Release;
		};
		53C8EEEA251C060C00622F4E /* Debug */ = {
			isa = XCBuildConfiguration;
			buildSettings = {
				ALWAYS_EMBED_SWIFT_STANDARD_LIBRARIES = YES;
				CODE_SIGN_STYLE = Automatic;
				INFOPLIST_FILE = TransicaoTelaUITests/Info.plist;
				LD_RUNPATH_SEARCH_PATHS = (
					"$(inherited)",
					"@executable_path/Frameworks",
					"@loader_path/Frameworks",
				);
				PRODUCT_BUNDLE_IDENTIFIER = com.rjs.TransicaoTelaUITests;
				PRODUCT_NAME = "$(TARGET_NAME)";
				SWIFT_VERSION = 5.0;
				TARGETED_DEVICE_FAMILY = "1,2";
				TEST_TARGET_NAME = TransicaoTela;
			};
			name = Debug;
		};
		53C8EEEB251C060C00622F4E /* Release */ = {
			isa = XCBuildConfiguration;
			buildSettings = {
				ALWAYS_EMBED_SWIFT_STANDARD_LIBRARIES = YES;
				CODE_SIGN_STYLE = Automatic;
				INFOPLIST_FILE = TransicaoTelaUITests/Info.plist;
				LD_RUNPATH_SEARCH_PATHS = (
					"$(inherited)",
					"@executable_path/Frameworks",
					"@loader_path/Frameworks",
				);
				PRODUCT_BUNDLE_IDENTIFIER = com.rjs.TransicaoTelaUITests;
				PRODUCT_NAME = "$(TARGET_NAME)";
				SWIFT_VERSION = 5.0;
				TARGETED_DEVICE_FAMILY = "1,2";
				TEST_TARGET_NAME = TransicaoTela;
			};
			name = Release;
		};
/* End XCBuildConfiguration section */

/* Begin XCConfigurationList section */
		53C8EEB4251C060B00622F4E /* Build configuration list for PBXProject "TransicaoTela" */ = {
			isa = XCConfigurationList;
			buildConfigurations = (
				53C8EEE1251C060C00622F4E /* Debug */,
				53C8EEE2251C060C00622F4E /* Release */,
			);
			defaultConfigurationIsVisible = 0;
			defaultConfigurationName = Release;
		};
		53C8EEE3251C060C00622F4E /* Build configuration list for PBXNativeTarget "TransicaoTela" */ = {
			isa = XCConfigurationList;
			buildConfigurations = (
				53C8EEE4251C060C00622F4E /* Debug */,
				53C8EEE5251C060C00622F4E /* Release */,
			);
			defaultConfigurationIsVisible = 0;
			defaultConfigurationName = Release;
		};
		53C8EEE6251C060C00622F4E /* Build configuration list for PBXNativeTarget "TransicaoTelaTests" */ = {
			isa = XCConfigurationList;
			buildConfigurations = (
				53C8EEE7251C060C00622F4E /* Debug */,
				53C8EEE8251C060C00622F4E /* Release */,
			);
			defaultConfigurationIsVisible = 0;
			defaultConfigurationName = Release;
		};
		53C8EEE9251C060C00622F4E /* Build configuration list for PBXNativeTarget "TransicaoTelaUITests" */ = {
			isa = XCConfigurationList;
			buildConfigurations = (
				53C8EEEA251C060C00622F4E /* Debug */,
				53C8EEEB251C060C00622F4E /* Release */,
			);
			defaultConfigurationIsVisible = 0;
			defaultConfigurationName = Release;
		};
/* End XCConfigurationList section */
	};
	rootObject = 53C8EEB1251C060B00622F4E /* Project object */;
}
